
Microsoft Visual Studio Solution File, Format Version 12.00
# Visual Studio Version 17
VisualStudioVersion = 17.5.33627.172
MinimumVisualStudioVersion = 10.0.40219.1
Project("{FAE04EC0-301F-11D3-BF4B-00C04F79EFBC}") = "CarbonIT", "CarbonIT.csproj", "{56CB39E1-2693-4968-9994-02A201328184}"
EndProject
Project("{FAE04EC0-301F-11D3-BF4B-00C04F79EFBC}") = "CarbonITTests", "CarbonITTests\CarbonITTests.csproj", "{0A1B980B-35A8-4D7E-8E3C-831A98F1BB1D}"
EndProject
Global
	GlobalSection(SolutionConfigurationPlatforms) = preSolution
		Debug|Any CPU = Debug|Any CPU
		Release|Any CPU = Release|Any CPU
	EndGlobalSection
	GlobalSection(ProjectConfigurationPlatforms) = postSolution
		{56CB39E1-2693-4968-9994-02A201328184}.Debug|Any CPU.ActiveCfg = Debug|Any CPU
		{56CB39E1-2693-4968-9994-02A201328184}.Debug|Any CPU.Build.0 = Debug|Any CPU
		{56CB39E1-2693-4968-9994-02A201328184}.Release|Any CPU.ActiveCfg = Release|Any CPU
		{56CB39E1-2693-4968-9994-02A201328184}.Release|Any CPU.Build.0 = Release|Any CPU
		{0A1B980B-35A8-4D7E-8E3C-831A98F1BB1D}.Debug|Any CPU.ActiveCfg = Debug|Any CPU
		{0A1B980B-35A8-4D7E-8E3C-831A98F1BB1D}.Debug|Any CPU.Build.0 = Debug|Any CPU
		{0A1B980B-35A8-4D7E-8E3C-831A98F1BB1D}.Release|Any CPU.ActiveCfg = Release|Any CPU
		{0A1B980B-35A8-4D7E-8E3C-831A98F1BB1D}.Release|Any CPU.Build.0 = Release|Any CPU
	EndGlobalSection
	GlobalSection(SolutionProperties) = preSolution
		HideSolutionNode = FALSE
	EndGlobalSection
	GlobalSection(ExtensibilityGlobals) = postSolution
		SolutionGuid = {2B07D1B5-2CC7-42FD-BFBC-A5596CDFE7DF}
	EndGlobalSection
EndGlobal
